{"action":{"OverwriteResolv":[115,101,97,114,99,104,32,100,110,115,46,112,111,100,109,97,110,10,110,97,109,101,115,101,114,118,101,114,32,49,55,50,46,50,57,46,48,46,49,10]},"resolv_conf_owner":"Unknown","os_config_owner":"File","previous_nameservers":["172.29.0.1"],"warp_nameservers":["127.0.2.2","127.0.2.3","::ffff:127.0.2.2","::ffff:127.0.2.3"]}